// !$*UTF8*$!
{
	archiveVersion = 1;
	classes = {
	};
	objectVersion = 46;
	objects = {

/* Begin PBXBuildFile section */
		CB2831871AC178D70010AD2A /* Nimble.framework in CopyFiles */ = {isa = PBXBuildFile; fileRef = CB4D56BB1AC17731006715E8 /* Nimble.framework */; settings = {ATTRIBUTES = (CodeSignOnCopy, RemoveHeadersOnCopy, ); }; };
		CB2831881AC178DB0010AD2A /* Quick.framework in CopyFiles */ = {isa = PBXBuildFile; fileRef = CB4D56BC1AC17731006715E8 /* Quick.framework */; settings = {ATTRIBUTES = (CodeSignOnCopy, RemoveHeadersOnCopy, ); }; };
		CB4D569F1AC169A3006715E8 /* StateMachine.h in Headers */ = {isa = PBXBuildFile; fileRef = CB4D569E1AC169A3006715E8 /* StateMachine.h */; settings = {ATTRIBUTES = (Public, ); }; };
		CB4D56A51AC169A3006715E8 /* SwiftyStateMachine.framework in Frameworks */ = {isa = PBXBuildFile; fileRef = CB4D56991AC169A3006715E8 /* SwiftyStateMachine.framework */; };
		CB4D56AC1AC169A3006715E8 /* StateMachineSpec.swift in Sources */ = {isa = PBXBuildFile; fileRef = CB4D56AB1AC169A3006715E8 /* StateMachineSpec.swift */; };
		CB4D56BD1AC17731006715E8 /* Nimble.framework in Frameworks */ = {isa = PBXBuildFile; fileRef = CB4D56BB1AC17731006715E8 /* Nimble.framework */; };
		CB4D56BE1AC17731006715E8 /* Quick.framework in Frameworks */ = {isa = PBXBuildFile; fileRef = CB4D56BC1AC17731006715E8 /* Quick.framework */; };
		CBE36CC11AC442D200CFE10F /* StateMachine.swift in Sources */ = {isa = PBXBuildFile; fileRef = CB7159F01AC1B07E0085C9AE /* StateMachine.swift */; };
		CBE36CC31AC443F600CFE10F /* GraphableStateMachineSchema.swift in Sources */ = {isa = PBXBuildFile; fileRef = CBE36CC21AC443F600CFE10F /* GraphableStateMachineSchema.swift */; };
		CBE36D141AC44BA000CFE10F /* SwiftyStateMachine.framework in Frameworks */ = {isa = PBXBuildFile; fileRef = CBE36D091AC44BA000CFE10F /* SwiftyStateMachine.framework */; };
		CBE36D221AC44D4000CFE10F /* StateMachine.h in Headers */ = {isa = PBXBuildFile; fileRef = CB4D569E1AC169A3006715E8 /* StateMachine.h */; };
		CBE36D231AC44D4000CFE10F /* StateMachine.swift in Sources */ = {isa = PBXBuildFile; fileRef = CB7159F01AC1B07E0085C9AE /* StateMachine.swift */; };
		CBE36D241AC44D4000CFE10F /* GraphableStateMachineSchema.swift in Sources */ = {isa = PBXBuildFile; fileRef = CBE36CC21AC443F600CFE10F /* GraphableStateMachineSchema.swift */; };
		CBE36D251AC44D4B00CFE10F /* StateMachineSpec.swift in Sources */ = {isa = PBXBuildFile; fileRef = CB4D56AB1AC169A3006715E8 /* StateMachineSpec.swift */; };
		CBE36D291AC44D9200CFE10F /* Nimble.framework in Frameworks */ = {isa = PBXBuildFile; fileRef = CBE36D271AC44D9100CFE10F /* Nimble.framework */; };
		CBE36D2A1AC44D9200CFE10F /* Quick.framework in Frameworks */ = {isa = PBXBuildFile; fileRef = CBE36D281AC44D9100CFE10F /* Quick.framework */; };
		CBE36D2C1AC44DCB00CFE10F /* Nimble.framework in CopyFiles */ = {isa = PBXBuildFile; fileRef = CBE36D271AC44D9100CFE10F /* Nimble.framework */; settings = {ATTRIBUTES = (CodeSignOnCopy, RemoveHeadersOnCopy, ); }; };
		CBE36D2D1AC44DCB00CFE10F /* Quick.framework in CopyFiles */ = {isa = PBXBuildFile; fileRef = CBE36D281AC44D9100CFE10F /* Quick.framework */; settings = {ATTRIBUTES = (CodeSignOnCopy, RemoveHeadersOnCopy, ); }; };
/* End PBXBuildFile section */

/* Begin PBXContainerItemProxy section */
		CB4D56A61AC169A3006715E8 /* PBXContainerItemProxy */ = {
			isa = PBXContainerItemProxy;
			containerPortal = CB4D56901AC169A3006715E8 /* Project object */;
			proxyType = 1;
			remoteGlobalIDString = CB4D56981AC169A3006715E8;
			remoteInfo = StateMachine;
		};
		CBE36D151AC44BA000CFE10F /* PBXContainerItemProxy */ = {
			isa = PBXContainerItemProxy;
			containerPortal = CB4D56901AC169A3006715E8 /* Project object */;
			proxyType = 1;
			remoteGlobalIDString = CBE36D081AC44BA000CFE10F;
			remoteInfo = "SwiftyStateMachine-Mac";
		};
/* End PBXContainerItemProxy section */

/* Begin PBXCopyFilesBuildPhase section */
		CB2831861AC178BE0010AD2A /* CopyFiles */ = {
			isa = PBXCopyFilesBuildPhase;
			buildActionMask = 2147483647;
			dstPath = "";
			dstSubfolderSpec = 10;
			files = (
				CB2831881AC178DB0010AD2A /* Quick.framework in CopyFiles */,
				CB2831871AC178D70010AD2A /* Nimble.framework in CopyFiles */,
			);
			runOnlyForDeploymentPostprocessing = 0;
		};
		CBE36D2B1AC44DBE00CFE10F /* CopyFiles */ = {
			isa = PBXCopyFilesBuildPhase;
			buildActionMask = 2147483647;
			dstPath = "";
			dstSubfolderSpec = 10;
			files = (
				CBE36D2C1AC44DCB00CFE10F /* Nimble.framework in CopyFiles */,
				CBE36D2D1AC44DCB00CFE10F /* Quick.framework in CopyFiles */,
			);
			runOnlyForDeploymentPostprocessing = 0;
		};
/* End PBXCopyFilesBuildPhase section */

/* Begin PBXFileReference section */
		CB4D56991AC169A3006715E8 /* SwiftyStateMachine.framework */ = {isa = PBXFileReference; explicitFileType = wrapper.framework; includeInIndex = 0; path = SwiftyStateMachine.framework; sourceTree = BUILT_PRODUCTS_DIR; };
		CB4D569D1AC169A3006715E8 /* Info.plist */ = {isa = PBXFileReference; lastKnownFileType = text.plist.xml; path = Info.plist; sourceTree = "<group>"; };
		CB4D569E1AC169A3006715E8 /* StateMachine.h */ = {isa = PBXFileReference; lastKnownFileType = sourcecode.c.h; path = StateMachine.h; sourceTree = "<group>"; };
		CB4D56A41AC169A3006715E8 /* SwiftyStateMachineTests.xctest */ = {isa = PBXFileReference; explicitFileType = wrapper.cfbundle; includeInIndex = 0; path = SwiftyStateMachineTests.xctest; sourceTree = BUILT_PRODUCTS_DIR; };
		CB4D56AA1AC169A3006715E8 /* Info.plist */ = {isa = PBXFileReference; lastKnownFileType = text.plist.xml; path = Info.plist; sourceTree = "<group>"; };
		CB4D56AB1AC169A3006715E8 /* StateMachineSpec.swift */ = {isa = PBXFileReference; lastKnownFileType = sourcecode.swift; path = StateMachineSpec.swift; sourceTree = "<group>"; };
		CB4D56BB1AC17731006715E8 /* Nimble.framework */ = {isa = PBXFileReference; lastKnownFileType = wrapper.framework; path = Nimble.framework; sourceTree = "<group>"; };
		CB4D56BC1AC17731006715E8 /* Quick.framework */ = {isa = PBXFileReference; lastKnownFileType = wrapper.framework; path = Quick.framework; sourceTree = "<group>"; };
		CB7159F01AC1B07E0085C9AE /* StateMachine.swift */ = {isa = PBXFileReference; fileEncoding = 4; lastKnownFileType = sourcecode.swift; path = StateMachine.swift; sourceTree = "<group>"; };
		CBE36CC21AC443F600CFE10F /* GraphableStateMachineSchema.swift */ = {isa = PBXFileReference; fileEncoding = 4; lastKnownFileType = sourcecode.swift; path = GraphableStateMachineSchema.swift; sourceTree = "<group>"; };
		CBE36D091AC44BA000CFE10F /* SwiftyStateMachine.framework */ = {isa = PBXFileReference; explicitFileType = wrapper.framework; includeInIndex = 0; path = SwiftyStateMachine.framework; sourceTree = BUILT_PRODUCTS_DIR; };
		CBE36D131AC44BA000CFE10F /* SwiftyStateMachineTests.xctest */ = {isa = PBXFileReference; explicitFileType = wrapper.cfbundle; includeInIndex = 0; path = SwiftyStateMachineTests.xctest; sourceTree = BUILT_PRODUCTS_DIR; };
		CBE36D271AC44D9100CFE10F /* Nimble.framework */ = {isa = PBXFileReference; lastKnownFileType = wrapper.framework; path = Nimble.framework; sourceTree = "<group>"; };
		CBE36D281AC44D9100CFE10F /* Quick.framework */ = {isa = PBXFileReference; lastKnownFileType = wrapper.framework; path = Quick.framework; sourceTree = "<group>"; };
/* End PBXFileReference section */

/* Begin PBXFrameworksBuildPhase section */
		CB4D56951AC169A3006715E8 /* Frameworks */ = {
			isa = PBXFrameworksBuildPhase;
			buildActionMask = 2147483647;
			files = (
			);
			runOnlyForDeploymentPostprocessing = 0;
		};
		CB4D56A11AC169A3006715E8 /* Frameworks */ = {
			isa = PBXFrameworksBuildPhase;
			buildActionMask = 2147483647;
			files = (
				CB4D56A51AC169A3006715E8 /* SwiftyStateMachine.framework in Frameworks */,
				CB4D56BD1AC17731006715E8 /* Nimble.framework in Frameworks */,
				CB4D56BE1AC17731006715E8 /* Quick.framework in Frameworks */,
			);
			runOnlyForDeploymentPostprocessing = 0;
		};
		CBE36D051AC44BA000CFE10F /* Frameworks */ = {
			isa = PBXFrameworksBuildPhase;
			buildActionMask = 2147483647;
			files = (
			);
			runOnlyForDeploymentPostprocessing = 0;
		};
		CBE36D101AC44BA000CFE10F /* Frameworks */ = {
			isa = PBXFrameworksBuildPhase;
			buildActionMask = 2147483647;
			files = (
				CBE36D141AC44BA000CFE10F /* SwiftyStateMachine.framework in Frameworks */,
				CBE36D291AC44D9200CFE10F /* Nimble.framework in Frameworks */,
				CBE36D2A1AC44D9200CFE10F /* Quick.framework in Frameworks */,
			);
			runOnlyForDeploymentPostprocessing = 0;
		};
/* End PBXFrameworksBuildPhase section */

/* Begin PBXGroup section */
		CB4D568F1AC169A3006715E8 = {
			isa = PBXGroup;
			children = (
				CB4D569B1AC169A3006715E8 /* StateMachine */,
				CB4D56A81AC169A3006715E8 /* StateMachineTests */,
				CB4D56B51AC17640006715E8 /* Carthage Frameworks */,
				CB4D569A1AC169A3006715E8 /* Products */,
			);
			sourceTree = "<group>";
		};
		CB4D569A1AC169A3006715E8 /* Products */ = {
			isa = PBXGroup;
			children = (
				CB4D56991AC169A3006715E8 /* SwiftyStateMachine.framework */,
				CB4D56A41AC169A3006715E8 /* SwiftyStateMachineTests.xctest */,
				CBE36D091AC44BA000CFE10F /* SwiftyStateMachine.framework */,
				CBE36D131AC44BA000CFE10F /* SwiftyStateMachineTests.xctest */,
			);
			name = Products;
			sourceTree = "<group>";
		};
		CB4D569B1AC169A3006715E8 /* StateMachine */ = {
			isa = PBXGroup;
			children = (
				CB4D569E1AC169A3006715E8 /* StateMachine.h */,
				CB7159F01AC1B07E0085C9AE /* StateMachine.swift */,
				CBE36CC21AC443F600CFE10F /* GraphableStateMachineSchema.swift */,
				CB4D569C1AC169A3006715E8 /* Supporting Files */,
			);
			path = StateMachine;
			sourceTree = "<group>";
		};
		CB4D569C1AC169A3006715E8 /* Supporting Files */ = {
			isa = PBXGroup;
			children = (
				CB4D569D1AC169A3006715E8 /* Info.plist */,
			);
			name = "Supporting Files";
			sourceTree = "<group>";
		};
		CB4D56A81AC169A3006715E8 /* StateMachineTests */ = {
			isa = PBXGroup;
			children = (
				CB4D56AB1AC169A3006715E8 /* StateMachineSpec.swift */,
				CB4D56A91AC169A3006715E8 /* Supporting Files */,
			);
			path = StateMachineTests;
			sourceTree = "<group>";
		};
		CB4D56A91AC169A3006715E8 /* Supporting Files */ = {
			isa = PBXGroup;
			children = (
				CB4D56AA1AC169A3006715E8 /* Info.plist */,
			);
			name = "Supporting Files";
			sourceTree = "<group>";
		};
		CB4D56B51AC17640006715E8 /* Carthage Frameworks */ = {
			isa = PBXGroup;
			children = (
				CB4D56BA1AC17731006715E8 /* iOS */,
				CBE36D261AC44D9100CFE10F /* Mac */,
			);
			name = "Carthage Frameworks";
			path = StateMachine;
			sourceTree = "<group>";
		};
		CB4D56BA1AC17731006715E8 /* iOS */ = {
			isa = PBXGroup;
			children = (
				CB4D56BB1AC17731006715E8 /* Nimble.framework */,
				CB4D56BC1AC17731006715E8 /* Quick.framework */,
			);
			name = iOS;
			path = Carthage/Build/iOS;
			sourceTree = SOURCE_ROOT;
		};
		CBE36D261AC44D9100CFE10F /* Mac */ = {
			isa = PBXGroup;
			children = (
				CBE36D271AC44D9100CFE10F /* Nimble.framework */,
				CBE36D281AC44D9100CFE10F /* Quick.framework */,
			);
			name = Mac;
			path = Carthage/Build/Mac;
			sourceTree = SOURCE_ROOT;
		};
/* End PBXGroup section */

/* Begin PBXHeadersBuildPhase section */
		CB4D56961AC169A3006715E8 /* Headers */ = {
			isa = PBXHeadersBuildPhase;
			buildActionMask = 2147483647;
			files = (
				CB4D569F1AC169A3006715E8 /* StateMachine.h in Headers */,
			);
			runOnlyForDeploymentPostprocessing = 0;
		};
		CBE36D061AC44BA000CFE10F /* Headers */ = {
			isa = PBXHeadersBuildPhase;
			buildActionMask = 2147483647;
			files = (
				CBE36D221AC44D4000CFE10F /* StateMachine.h in Headers */,
			);
			runOnlyForDeploymentPostprocessing = 0;
		};
/* End PBXHeadersBuildPhase section */

/* Begin PBXNativeTarget section */
		CB4D56981AC169A3006715E8 /* SwiftyStateMachine-iOS */ = {
			isa = PBXNativeTarget;
			buildConfigurationList = CB4D56AF1AC169A3006715E8 /* Build configuration list for PBXNativeTarget "SwiftyStateMachine-iOS" */;
			buildPhases = (
				CB4D56941AC169A3006715E8 /* Sources */,
				CB4D56951AC169A3006715E8 /* Frameworks */,
				CB4D56961AC169A3006715E8 /* Headers */,
				CB4D56971AC169A3006715E8 /* Resources */,
			);
			buildRules = (
			);
			dependencies = (
			);
			name = "SwiftyStateMachine-iOS";
			productName = StateMachine;
			productReference = CB4D56991AC169A3006715E8 /* SwiftyStateMachine.framework */;
			productType = "com.apple.product-type.framework";
		};
		CB4D56A31AC169A3006715E8 /* SwiftyStateMachine-iOS Tests */ = {
			isa = PBXNativeTarget;
			buildConfigurationList = CB4D56B21AC169A3006715E8 /* Build configuration list for PBXNativeTarget "SwiftyStateMachine-iOS Tests" */;
			buildPhases = (
				CB4D56A01AC169A3006715E8 /* Sources */,
				CB4D56A11AC169A3006715E8 /* Frameworks */,
				CB4D56A21AC169A3006715E8 /* Resources */,
				CB2831861AC178BE0010AD2A /* CopyFiles */,
			);
			buildRules = (
			);
			dependencies = (
				CB4D56A71AC169A3006715E8 /* PBXTargetDependency */,
			);
			name = "SwiftyStateMachine-iOS Tests";
			productName = StateMachineTests;
			productReference = CB4D56A41AC169A3006715E8 /* SwiftyStateMachineTests.xctest */;
			productType = "com.apple.product-type.bundle.unit-test";
		};
		CBE36D081AC44BA000CFE10F /* SwiftyStateMachine-Mac */ = {
			isa = PBXNativeTarget;
			buildConfigurationList = CBE36D201AC44BA000CFE10F /* Build configuration list for PBXNativeTarget "SwiftyStateMachine-Mac" */;
			buildPhases = (
				CBE36D041AC44BA000CFE10F /* Sources */,
				CBE36D051AC44BA000CFE10F /* Frameworks */,
				CBE36D061AC44BA000CFE10F /* Headers */,
				CBE36D071AC44BA000CFE10F /* Resources */,
			);
			buildRules = (
			);
			dependencies = (
			);
			name = "SwiftyStateMachine-Mac";
			productName = "SwiftyStateMachine-Mac";
			productReference = CBE36D091AC44BA000CFE10F /* SwiftyStateMachine.framework */;
			productType = "com.apple.product-type.framework";
		};
		CBE36D121AC44BA000CFE10F /* SwiftyStateMachine-Mac Tests */ = {
			isa = PBXNativeTarget;
			buildConfigurationList = CBE36D211AC44BA000CFE10F /* Build configuration list for PBXNativeTarget "SwiftyStateMachine-Mac Tests" */;
			buildPhases = (
				CBE36D0F1AC44BA000CFE10F /* Sources */,
				CBE36D101AC44BA000CFE10F /* Frameworks */,
				CBE36D111AC44BA000CFE10F /* Resources */,
				CBE36D2B1AC44DBE00CFE10F /* CopyFiles */,
			);
			buildRules = (
			);
			dependencies = (
				CBE36D161AC44BA000CFE10F /* PBXTargetDependency */,
			);
			name = "SwiftyStateMachine-Mac Tests";
			productName = "SwiftyStateMachine-MacTests";
			productReference = CBE36D131AC44BA000CFE10F /* SwiftyStateMachineTests.xctest */;
			productType = "com.apple.product-type.bundle.unit-test";
		};
/* End PBXNativeTarget section */

/* Begin PBXProject section */
		CB4D56901AC169A3006715E8 /* Project object */ = {
			isa = PBXProject;
			attributes = {
				LastSwiftUpdateCheck = 0700;
				LastUpgradeCheck = 0820;
				ORGANIZATIONNAME = Macoscope;
				TargetAttributes = {
					CB4D56981AC169A3006715E8 = {
						CreatedOnToolsVersion = 6.3;
						LastSwiftMigration = 0820;
					};
					CB4D56A31AC169A3006715E8 = {
						CreatedOnToolsVersion = 6.3;
						LastSwiftMigration = 0820;
					};
					CBE36D081AC44BA000CFE10F = {
						CreatedOnToolsVersion = 6.3;
					};
					CBE36D121AC44BA000CFE10F = {
						CreatedOnToolsVersion = 6.3;
					};
				};
			};
			buildConfigurationList = CB4D56931AC169A3006715E8 /* Build configuration list for PBXProject "SwiftyStateMachine" */;
			compatibilityVersion = "Xcode 3.2";
			developmentRegion = English;
			hasScannedForEncodings = 0;
			knownRegions = (
				en,
			);
			mainGroup = CB4D568F1AC169A3006715E8;
			productRefGroup = CB4D569A1AC169A3006715E8 /* Products */;
			projectDirPath = "";
			projectRoot = "";
			targets = (
				CB4D56981AC169A3006715E8 /* SwiftyStateMachine-iOS */,
				CB4D56A31AC169A3006715E8 /* SwiftyStateMachine-iOS Tests */,
				CBE36D081AC44BA000CFE10F /* SwiftyStateMachine-Mac */,
				CBE36D121AC44BA000CFE10F /* SwiftyStateMachine-Mac Tests */,
			);
		};
/* End PBXProject section */

/* Begin PBXResourcesBuildPhase section */
		CB4D56971AC169A3006715E8 /* Resources */ = {
			isa = PBXResourcesBuildPhase;
			buildActionMask = 2147483647;
			files = (
			);
			runOnlyForDeploymentPostprocessing = 0;
		};
		CB4D56A21AC169A3006715E8 /* Resources */ = {
			isa = PBXResourcesBuildPhase;
			buildActionMask = 2147483647;
			files = (
			);
			runOnlyForDeploymentPostprocessing = 0;
		};
		CBE36D071AC44BA000CFE10F /* Resources */ = {
			isa = PBXResourcesBuildPhase;
			buildActionMask = 2147483647;
			files = (
			);
			runOnlyForDeploymentPostprocessing = 0;
		};
		CBE36D111AC44BA000CFE10F /* Resources */ = {
			isa = PBXResourcesBuildPhase;
			buildActionMask = 2147483647;
			files = (
			);
			runOnlyForDeploymentPostprocessing = 0;
		};
/* End PBXResourcesBuildPhase section */

/* Begin PBXSourcesBuildPhase section */
		CB4D56941AC169A3006715E8 /* Sources */ = {
			isa = PBXSourcesBuildPhase;
			buildActionMask = 2147483647;
			files = (
				CBE36CC11AC442D200CFE10F /* StateMachine.swift in Sources */,
				CBE36CC31AC443F600CFE10F /* GraphableStateMachineSchema.swift in Sources */,
			);
			runOnlyForDeploymentPostprocessing = 0;
		};
		CB4D56A01AC169A3006715E8 /* Sources */ = {
			isa = PBXSourcesBuildPhase;
			buildActionMask = 2147483647;
			files = (
				CB4D56AC1AC169A3006715E8 /* StateMachineSpec.swift in Sources */,
			);
			runOnlyForDeploymentPostprocessing = 0;
		};
		CBE36D041AC44BA000CFE10F /* Sources */ = {
			isa = PBXSourcesBuildPhase;
			buildActionMask = 2147483647;
			files = (
				CBE36D231AC44D4000CFE10F /* StateMachine.swift in Sources */,
				CBE36D241AC44D4000CFE10F /* GraphableStateMachineSchema.swift in Sources */,
			);
			runOnlyForDeploymentPostprocessing = 0;
		};
		CBE36D0F1AC44BA000CFE10F /* Sources */ = {
			isa = PBXSourcesBuildPhase;
			buildActionMask = 2147483647;
			files = (
				CBE36D251AC44D4B00CFE10F /* StateMachineSpec.swift in Sources */,
			);
			runOnlyForDeploymentPostprocessing = 0;
		};
/* End PBXSourcesBuildPhase section */

/* Begin PBXTargetDependency section */
		CB4D56A71AC169A3006715E8 /* PBXTargetDependency */ = {
			isa = PBXTargetDependency;
			target = CB4D56981AC169A3006715E8 /* SwiftyStateMachine-iOS */;
			targetProxy = CB4D56A61AC169A3006715E8 /* PBXContainerItemProxy */;
		};
		CBE36D161AC44BA000CFE10F /* PBXTargetDependency */ = {
			isa = PBXTargetDependency;
			target = CBE36D081AC44BA000CFE10F /* SwiftyStateMachine-Mac */;
			targetProxy = CBE36D151AC44BA000CFE10F /* PBXContainerItemProxy */;
		};
/* End PBXTargetDependency section */

/* Begin XCBuildConfiguration section */
		CB4D56AD1AC169A3006715E8 /* Debug */ = {
			isa = XCBuildConfiguration;
			buildSettings = {
				ALWAYS_SEARCH_USER_PATHS = NO;
				CLANG_CXX_LANGUAGE_STANDARD = "gnu++0x";
				CLANG_CXX_LIBRARY = "libc++";
				CLANG_ENABLE_MODULES = YES;
				CLANG_ENABLE_OBJC_ARC = YES;
				CLANG_WARN_BOOL_CONVERSION = YES;
				CLANG_WARN_CONSTANT_CONVERSION = YES;
				CLANG_WARN_DIRECT_OBJC_ISA_USAGE = YES_ERROR;
				CLANG_WARN_EMPTY_BODY = YES;
				CLANG_WARN_ENUM_CONVERSION = YES;
				CLANG_WARN_INFINITE_RECURSION = YES;
				CLANG_WARN_INT_CONVERSION = YES;
				CLANG_WARN_OBJC_ROOT_CLASS = YES_ERROR;
				CLANG_WARN_SUSPICIOUS_MOVE = YES;
				CLANG_WARN_UNREACHABLE_CODE = YES;
				CLANG_WARN__DUPLICATE_METHOD_MATCH = YES;
				"CODE_SIGN_IDENTITY[sdk=iphoneos*]" = "iPhone Developer";
				COPY_PHASE_STRIP = NO;
				CURRENT_PROJECT_VERSION = 1;
				DEBUG_INFORMATION_FORMAT = "dwarf-with-dsym";
				ENABLE_STRICT_OBJC_MSGSEND = YES;
				ENABLE_TESTABILITY = YES;
				GCC_C_LANGUAGE_STANDARD = gnu99;
				GCC_DYNAMIC_NO_PIC = NO;
				GCC_NO_COMMON_BLOCKS = YES;
				GCC_OPTIMIZATION_LEVEL = 0;
				GCC_PREPROCESSOR_DEFINITIONS = (
					"DEBUG=1",
					"$(inherited)",
				);
				GCC_SYMBOLS_PRIVATE_EXTERN = NO;
				GCC_WARN_64_TO_32_BIT_CONVERSION = YES;
				GCC_WARN_ABOUT_RETURN_TYPE = YES_ERROR;
				GCC_WARN_UNDECLARED_SELECTOR = YES;
				GCC_WARN_UNINITIALIZED_AUTOS = YES_AGGRESSIVE;
				GCC_WARN_UNUSED_FUNCTION = YES;
				GCC_WARN_UNUSED_VARIABLE = YES;
				IPHONEOS_DEPLOYMENT_TARGET = 8.3;
				MTL_ENABLE_DEBUG_INFO = YES;
				ONLY_ACTIVE_ARCH = YES;
				SDKROOT = iphoneos;
				SWIFT_OPTIMIZATION_LEVEL = "-Onone";
				TARGETED_DEVICE_FAMILY = "1,2";
				VERSIONING_SYSTEM = "apple-generic";
				VERSION_INFO_PREFIX = "";
			};
			name = Debug;
		};
		CB4D56AE1AC169A3006715E8 /* Release */ = {
			isa = XCBuildConfiguration;
			buildSettings = {
				ALWAYS_SEARCH_USER_PATHS = NO;
				CLANG_CXX_LANGUAGE_STANDARD = "gnu++0x";
				CLANG_CXX_LIBRARY = "libc++";
				CLANG_ENABLE_MODULES = YES;
				CLANG_ENABLE_OBJC_ARC = YES;
				CLANG_WARN_BOOL_CONVERSION = YES;
				CLANG_WARN_CONSTANT_CONVERSION = YES;
				CLANG_WARN_DIRECT_OBJC_ISA_USAGE = YES_ERROR;
				CLANG_WARN_EMPTY_BODY = YES;
				CLANG_WARN_ENUM_CONVERSION = YES;
				CLANG_WARN_INFINITE_RECURSION = YES;
				CLANG_WARN_INT_CONVERSION = YES;
				CLANG_WARN_OBJC_ROOT_CLASS = YES_ERROR;
				CLANG_WARN_SUSPICIOUS_MOVE = YES;
				CLANG_WARN_UNREACHABLE_CODE = YES;
				CLANG_WARN__DUPLICATE_METHOD_MATCH = YES;
				"CODE_SIGN_IDENTITY[sdk=iphoneos*]" = "iPhone Developer";
				COPY_PHASE_STRIP = NO;
				CURRENT_PROJECT_VERSION = 1;
				DEBUG_INFORMATION_FORMAT = "dwarf-with-dsym";
				ENABLE_NS_ASSERTIONS = NO;
				ENABLE_STRICT_OBJC_MSGSEND = YES;
				GCC_C_LANGUAGE_STANDARD = gnu99;
				GCC_NO_COMMON_BLOCKS = YES;
				GCC_WARN_64_TO_32_BIT_CONVERSION = YES;
				GCC_WARN_ABOUT_RETURN_TYPE = YES_ERROR;
				GCC_WARN_UNDECLARED_SELECTOR = YES;
				GCC_WARN_UNINITIALIZED_AUTOS = YES_AGGRESSIVE;
				GCC_WARN_UNUSED_FUNCTION = YES;
				GCC_WARN_UNUSED_VARIABLE = YES;
				IPHONEOS_DEPLOYMENT_TARGET = 8.3;
				MTL_ENABLE_DEBUG_INFO = NO;
				SDKROOT = iphoneos;
				SWIFT_OPTIMIZATION_LEVEL = "-Owholemodule";
				TARGETED_DEVICE_FAMILY = "1,2";
				VALIDATE_PRODUCT = YES;
				VERSIONING_SYSTEM = "apple-generic";
				VERSION_INFO_PREFIX = "";
			};
			name = Release;
		};
		CB4D56B01AC169A3006715E8 /* Debug */ = {
			isa = XCBuildConfiguration;
			buildSettings = {
				CLANG_ENABLE_MODULES = YES;
				"CODE_SIGN_IDENTITY[sdk=iphoneos*]" = "";
				DEFINES_MODULE = YES;
				DYLIB_COMPATIBILITY_VERSION = 1;
				DYLIB_CURRENT_VERSION = 1;
				DYLIB_INSTALL_NAME_BASE = "@rpath";
				INFOPLIST_FILE = StateMachine/Info.plist;
				INSTALL_PATH = "$(LOCAL_LIBRARY_DIR)/Frameworks";
				IPHONEOS_DEPLOYMENT_TARGET = 8.0;
				LD_RUNPATH_SEARCH_PATHS = "$(inherited) @executable_path/Frameworks @loader_path/Frameworks";
				PRODUCT_BUNDLE_IDENTIFIER = "net.macoscope.$(PRODUCT_NAME:rfc1034identifier)";
				PRODUCT_NAME = SwiftyStateMachine;
				SKIP_INSTALL = YES;
				SWIFT_OPTIMIZATION_LEVEL = "-Onone";
				SWIFT_VERSION = 3.0;
			};
			name = Debug;
		};
		CB4D56B11AC169A3006715E8 /* Release */ = {
			isa = XCBuildConfiguration;
			buildSettings = {
				CLANG_ENABLE_MODULES = YES;
				"CODE_SIGN_IDENTITY[sdk=iphoneos*]" = "";
				DEFINES_MODULE = YES;
				DYLIB_COMPATIBILITY_VERSION = 1;
				DYLIB_CURRENT_VERSION = 1;
				DYLIB_INSTALL_NAME_BASE = "@rpath";
				INFOPLIST_FILE = StateMachine/Info.plist;
				INSTALL_PATH = "$(LOCAL_LIBRARY_DIR)/Frameworks";
				IPHONEOS_DEPLOYMENT_TARGET = 8.0;
				LD_RUNPATH_SEARCH_PATHS = "$(inherited) @executable_path/Frameworks @loader_path/Frameworks";
				PRODUCT_BUNDLE_IDENTIFIER = "net.macoscope.$(PRODUCT_NAME:rfc1034identifier)";
				PRODUCT_NAME = SwiftyStateMachine;
				SKIP_INSTALL = YES;
				SWIFT_VERSION = 3.0;
			};
			name = Release;
		};
		CB4D56B31AC169A3006715E8 /* Debug */ = {
			isa = XCBuildConfiguration;
			buildSettings = {
				FRAMEWORK_SEARCH_PATHS = (
					"$(SDKROOT)/Developer/Library/Frameworks",
					"$(inherited)",
					"$(PROJECT_DIR)/Carthage/Build/iOS",
				);
				GCC_PREPROCESSOR_DEFINITIONS = (
					"DEBUG=1",
					"$(inherited)",
				);
				INFOPLIST_FILE = StateMachineTests/Info.plist;
				LD_RUNPATH_SEARCH_PATHS = "$(inherited) @executable_path/Frameworks @loader_path/Frameworks";
				PRODUCT_BUNDLE_IDENTIFIER = "net.macoscope.$(PRODUCT_NAME:rfc1034identifier)";
				PRODUCT_NAME = SwiftyStateMachineTests;
				SWIFT_VERSION = 3.0;
			};
			name = Debug;
		};
		CB4D56B41AC169A3006715E8 /* Release */ = {
			isa = XCBuildConfiguration;
			buildSettings = {
				FRAMEWORK_SEARCH_PATHS = (
					"$(SDKROOT)/Developer/Library/Frameworks",
					"$(inherited)",
					"$(PROJECT_DIR)/Carthage/Build/iOS",
				);
				INFOPLIST_FILE = StateMachineTests/Info.plist;
				LD_RUNPATH_SEARCH_PATHS = "$(inherited) @executable_path/Frameworks @loader_path/Frameworks";
				PRODUCT_BUNDLE_IDENTIFIER = "net.macoscope.$(PRODUCT_NAME:rfc1034identifier)";
				PRODUCT_NAME = SwiftyStateMachineTests;
				SWIFT_VERSION = 3.0;
			};
			name = Release;
		};
		CBE36D1C1AC44BA000CFE10F /* Debug */ = {
			isa = XCBuildConfiguration;
			buildSettings = {
				COMBINE_HIDPI_IMAGES = YES;
				DEBUG_INFORMATION_FORMAT = dwarf;
				DEFINES_MODULE = YES;
				DYLIB_COMPATIBILITY_VERSION = 1;
				DYLIB_CURRENT_VERSION = 1;
				DYLIB_INSTALL_NAME_BASE = "@rpath";
				FRAMEWORK_VERSION = A;
				GCC_PREPROCESSOR_DEFINITIONS = (
					"DEBUG=1",
					"$(inherited)",
				);
				INFOPLIST_FILE = StateMachine/Info.plist;
				INSTALL_PATH = "$(LOCAL_LIBRARY_DIR)/Frameworks";
				LD_RUNPATH_SEARCH_PATHS = "$(inherited) @executable_path/../Frameworks @loader_path/Frameworks";
				MACOSX_DEPLOYMENT_TARGET = 10.9;
				PRODUCT_BUNDLE_IDENTIFIER = "net.macoscope.$(PRODUCT_NAME:rfc1034identifier)";
				PRODUCT_NAME = SwiftyStateMachine;
				SDKROOT = macosx;
				SKIP_INSTALL = YES;
			};
			name = Debug;
		};
		CBE36D1D1AC44BA000CFE10F /* Release */ = {
			isa = XCBuildConfiguration;
			buildSettings = {
				COMBINE_HIDPI_IMAGES = YES;
				DEFINES_MODULE = YES;
				DYLIB_COMPATIBILITY_VERSION = 1;
				DYLIB_CURRENT_VERSION = 1;
				DYLIB_INSTALL_NAME_BASE = "@rpath";
				FRAMEWORK_VERSION = A;
				INFOPLIST_FILE = StateMachine/Info.plist;
				INSTALL_PATH = "$(LOCAL_LIBRARY_DIR)/Frameworks";
				LD_RUNPATH_SEARCH_PATHS = "$(inherited) @executable_path/../Frameworks @loader_path/Frameworks";
				MACOSX_DEPLOYMENT_TARGET = 10.9;
				PRODUCT_BUNDLE_IDENTIFIER = "net.macoscope.$(PRODUCT_NAME:rfc1034identifier)";
				PRODUCT_NAME = SwiftyStateMachine;
				SDKROOT = macosx;
				SKIP_INSTALL = YES;
			};
			name = Release;
		};
		CBE36D1E1AC44BA000CFE10F /* Debug */ = {
			isa = XCBuildConfiguration;
			buildSettings = {
				COMBINE_HIDPI_IMAGES = YES;
				DEBUG_INFORMATION_FORMAT = dwarf;
				FRAMEWORK_SEARCH_PATHS = (
					"$(DEVELOPER_FRAMEWORKS_DIR)",
					"$(inherited)",
					"$(PROJECT_DIR)/Carthage/Build/Mac",
				);
				GCC_PREPROCESSOR_DEFINITIONS = (
					"DEBUG=1",
					"$(inherited)",
				);
				INFOPLIST_FILE = StateMachineTests/Info.plist;
				LD_RUNPATH_SEARCH_PATHS = "$(inherited) @executable_path/../Frameworks @loader_path/../Frameworks";
				MACOSX_DEPLOYMENT_TARGET = 10.10;
				PRODUCT_BUNDLE_IDENTIFIER = "net.macoscope.$(PRODUCT_NAME:rfc1034identifier)";
				PRODUCT_NAME = SwiftyStateMachineTests;
				SDKROOT = macosx;
			};
			name = Debug;
		};
		CBE36D1F1AC44BA000CFE10F /* Release */ = {
			isa = XCBuildConfiguration;
			buildSettings = {
				COMBINE_HIDPI_IMAGES = YES;
				FRAMEWORK_SEARCH_PATHS = (
					"$(DEVELOPER_FRAMEWORKS_DIR)",
					"$(inherited)",
					"$(PROJECT_DIR)/Carthage/Build/Mac",
				);
				INFOPLIST_FILE = StateMachineTests/Info.plist;
				LD_RUNPATH_SEARCH_PATHS = "$(inherited) @executable_path/../Frameworks @loader_path/../Frameworks";
				MACOSX_DEPLOYMENT_TARGET = 10.10;
				PRODUCT_BUNDLE_IDENTIFIER = "net.macoscope.$(PRODUCT_NAME:rfc1034identifier)";
				PRODUCT_NAME = SwiftyStateMachineTests;
				SDKROOT = macosx;
			};
			name = Release;
		};
/* End XCBuildConfiguration section */

/* Begin XCConfigurationList section */
		CB4D56931AC169A3006715E8 /* Build configuration list for PBXProject "SwiftyStateMachine" */ = {
			isa = XCConfigurationList;
			buildConfigurations = (
				CB4D56AD1AC169A3006715E8 /* Debug */,
				CB4D56AE1AC169A3006715E8 /* Release */,
			);
			defaultConfigurationIsVisible = 0;
			defaultConfigurationName = Release;
		};
		CB4D56AF1AC169A3006715E8 /* Build configuration list for PBXNativeTarget "SwiftyStateMachine-iOS" */ = {
			isa = XCConfigurationList;
			buildConfigurations = (
				CB4D56B01AC169A3006715E8 /* Debug */,
				CB4D56B11AC169A3006715E8 /* Release */,
			);
			defaultConfigurationIsVisible = 0;
			defaultConfigurationName = Release;
		};
		CB4D56B21AC169A3006715E8 /* Build configuration list for PBXNativeTarget "SwiftyStateMachine-iOS Tests" */ = {
			isa = XCConfigurationList;
			buildConfigurations = (
				CB4D56B31AC169A3006715E8 /* Debug */,
				CB4D56B41AC169A3006715E8 /* Release */,
			);
			defaultConfigurationIsVisible = 0;
			defaultConfigurationName = Release;
		};
		CBE36D201AC44BA000CFE10F /* Build configuration list for PBXNativeTarget "SwiftyStateMachine-Mac" */ = {
			isa = XCConfigurationList;
			buildConfigurations = (
				CBE36D1C1AC44BA000CFE10F /* Debug */,
				CBE36D1D1AC44BA000CFE10F /* Release */,
			);
			defaultConfigurationIsVisible = 0;
			defaultConfigurationName = Release;
		};
		CBE36D211AC44BA000CFE10F /* Build configuration list for PBXNativeTarget "SwiftyStateMachine-Mac Tests" */ = {
			isa = XCConfigurationList;
			buildConfigurations = (
				CBE36D1E1AC44BA000CFE10F /* Debug */,
				CBE36D1F1AC44BA000CFE10F /* Release */,
			);
			defaultConfigurationIsVisible = 0;
			defaultConfigurationName = Release;
		};
/* End XCConfigurationList section */
	};
	rootObject = CB4D56901AC169A3006715E8 /* Project object */;
}
